
Microsoft Visual Studio Solution File, Format Version 12.00
# Visual Studio 15
VisualStudioVersion = 15.0.27703.2035
MinimumVisualStudioVersion = 10.0.40219.1
Project("{FAE04EC0-301F-11D3-BF4B-00C04F79EFBC}") = "Ödipussy", "Ödipussy\Ödipussy.csproj", "{EC201A8B-5AE2-4919-98DD-F7D9379F6BBF}"
EndProject
Project("{FAE04EC0-301F-11D3-BF4B-00C04F79EFBC}") = "ÖdipussyWeb", "ÖdipussyWeb\ÖdipussyWeb.csproj", "{FE5EC450-7F96-4C9C-B9B3-0005B9394154}"
EndProject
Global
	GlobalSection(SolutionConfigurationPlatforms) = preSolution
		Debug|Any CPU = Debug|Any CPU
		Release|Any CPU = Release|Any CPU
	EndGlobalSection
	GlobalSection(ProjectConfigurationPlatforms) = postSolution
		{EC201A8B-5AE2-4919-98DD-F7D9379F6BBF}.Debug|Any CPU.ActiveCfg = Debug|Any CPU
		{EC201A8B-5AE2-4919-98DD-F7D9379F6BBF}.Debug|Any CPU.Build.0 = Debug|Any CPU
		{EC201A8B-5AE2-4919-98DD-F7D9379F6BBF}.Release|Any CPU.ActiveCfg = Release|Any CPU
		{EC201A8B-5AE2-4919-98DD-F7D9379F6BBF}.Release|Any CPU.Build.0 = Release|Any CPU
		{FE5EC450-7F96-4C9C-B9B3-0005B9394154}.Debug|Any CPU.ActiveCfg = Debug|Any CPU
		{FE5EC450-7F96-4C9C-B9B3-0005B9394154}.Debug|Any CPU.Build.0 = Debug|Any CPU
		{FE5EC450-7F96-4C9C-B9B3-0005B9394154}.Release|Any CPU.ActiveCfg = Release|Any CPU
		{FE5EC450-7F96-4C9C-B9B3-0005B9394154}.Release|Any CPU.Build.0 = Release|Any CPU
	EndGlobalSection
	GlobalSection(SolutionProperties) = preSolution
		HideSolutionNode = FALSE
	EndGlobalSection
	GlobalSection(ExtensibilityGlobals) = postSolution
		SolutionGuid = {37BAD865-B80D-4D14-87D3-CF5C1B7D0CB2}
	EndGlobalSection
EndGlobal
